
Microsoft Visual Studio Solution File, Format Version 12.00
# Visual Studio Version 16
VisualStudioVersion = 25.0.1706.9
MinimumVisualStudioVersion = 10.0.40219.1
Project("{FAE04EC0-301F-11D3-BF4B-00C04F79EFBC}") = "eCampusGuard.API", "eCampusGuard.API\eCampusGuard.API.csproj", "{09C59B84-308B-4B4B-81D8-147B013D82FC}"
EndProject
Project("{FAE04EC0-301F-11D3-BF4B-00C04F79EFBC}") = "eCampusGuard.Core", "eCampusGuard.Core\eCampusGuard.Core.csproj", "{DE10256C-EC98-43A2-BDA0-E965B541A06E}"
EndProject
Project("{FAE04EC0-301F-11D3-BF4B-00C04F79EFBC}") = "eCampusGuard.MSSQL", "eCampusGuard.MSSQL\eCampusGuard.MSSQL.csproj", "{7122BB1A-9D92-4E7A-9B1D-10EC861BF5A6}"
EndProject
Project("{FAE04EC0-301F-11D3-BF4B-00C04F79EFBC}") = "eCampusGuard.Services", "eCampusGuard.Services\eCampusGuard.Services.csproj", "{05BC6220-C000-400F-97A7-82B7AC86BBC9}"
EndProject
Project("{2150E333-8FDC-42A3-9474-1A3956D46DE8}") = "Solution Items", "Solution Items", "{25734304-ED4C-4C29-942C-6EAFA1CD7473}"
	ProjectSection(SolutionItems) = preProject
		.editorconfig = .editorconfig
	EndProjectSection
EndProject
Global
	GlobalSection(SolutionConfigurationPlatforms) = preSolution
		Debug|Any CPU = Debug|Any CPU
		Release|Any CPU = Release|Any CPU
	EndGlobalSection
	GlobalSection(ProjectConfigurationPlatforms) = postSolution
		{09C59B84-308B-4B4B-81D8-147B013D82FC}.Debug|Any CPU.ActiveCfg = Debug|Any CPU
		{09C59B84-308B-4B4B-81D8-147B013D82FC}.Debug|Any CPU.Build.0 = Debug|Any CPU
		{09C59B84-308B-4B4B-81D8-147B013D82FC}.Release|Any CPU.ActiveCfg = Release|Any CPU
		{09C59B84-308B-4B4B-81D8-147B013D82FC}.Release|Any CPU.Build.0 = Release|Any CPU
		{DE10256C-EC98-43A2-BDA0-E965B541A06E}.Debug|Any CPU.ActiveCfg = Debug|Any CPU
		{DE10256C-EC98-43A2-BDA0-E965B541A06E}.Debug|Any CPU.Build.0 = Debug|Any CPU
		{DE10256C-EC98-43A2-BDA0-E965B541A06E}.Release|Any CPU.ActiveCfg = Release|Any CPU
		{DE10256C-EC98-43A2-BDA0-E965B541A06E}.Release|Any CPU.Build.0 = Release|Any CPU
		{7122BB1A-9D92-4E7A-9B1D-10EC861BF5A6}.Debug|Any CPU.ActiveCfg = Debug|Any CPU
		{7122BB1A-9D92-4E7A-9B1D-10EC861BF5A6}.Debug|Any CPU.Build.0 = Debug|Any CPU
		{7122BB1A-9D92-4E7A-9B1D-10EC861BF5A6}.Release|Any CPU.ActiveCfg = Release|Any CPU
		{7122BB1A-9D92-4E7A-9B1D-10EC861BF5A6}.Release|Any CPU.Build.0 = Release|Any CPU
		{05BC6220-C000-400F-97A7-82B7AC86BBC9}.Debug|Any CPU.ActiveCfg = Debug|Any CPU
		{05BC6220-C000-400F-97A7-82B7AC86BBC9}.Debug|Any CPU.Build.0 = Debug|Any CPU
		{05BC6220-C000-400F-97A7-82B7AC86BBC9}.Release|Any CPU.ActiveCfg = Release|Any CPU
		{05BC6220-C000-400F-97A7-82B7AC86BBC9}.Release|Any CPU.Build.0 = Release|Any CPU
	EndGlobalSection
	GlobalSection(SolutionProperties) = preSolution
		HideSolutionNode = FALSE
	EndGlobalSection
	GlobalSection(ExtensibilityGlobals) = postSolution
		SolutionGuid = {4858C8A1-C78A-4725-9F47-DE95B46E7E04}
	EndGlobalSection
EndGlobal
